
Microsoft Visual Studio Solution File, Format Version 12.00
# Visual Studio Version 17
VisualStudioVersion = 17.0.31919.166
MinimumVisualStudioVersion = 10.0.40219.1
Project("{9A19103F-16F7-4668-BE54-9A1E7A4F7556}") = "AzureTableStorageSeeder", "AzureTableStorageSeeder\AzureTableStorageSeeder.csproj", "{3365984D-30D3-45C9-BCB0-482AAEBE58E5}"
EndProject
Project("{9A19103F-16F7-4668-BE54-9A1E7A4F7556}") = "AzureTableStorageSeeder.Tool", "AzureTableStorageSeeder.Tool\AzureTableStorageSeeder.Tool.csproj", "{14274488-91F4-414C-9F31-6349142EFA6E}"
EndProject
Global
	GlobalSection(SolutionConfigurationPlatforms) = preSolution
		Debug|Any CPU = Debug|Any CPU
		Release|Any CPU = Release|Any CPU
	EndGlobalSection
	GlobalSection(ProjectConfigurationPlatforms) = postSolution
		{3365984D-30D3-45C9-BCB0-482AAEBE58E5}.Debug|Any CPU.ActiveCfg = Debug|Any CPU
		{3365984D-30D3-45C9-BCB0-482AAEBE58E5}.Debug|Any CPU.Build.0 = Debug|Any CPU
		{3365984D-30D3-45C9-BCB0-482AAEBE58E5}.Release|Any CPU.ActiveCfg = Release|Any CPU
		{3365984D-30D3-45C9-BCB0-482AAEBE58E5}.Release|Any CPU.Build.0 = Release|Any CPU
		{14274488-91F4-414C-9F31-6349142EFA6E}.Debug|Any CPU.ActiveCfg = Debug|Any CPU
		{14274488-91F4-414C-9F31-6349142EFA6E}.Debug|Any CPU.Build.0 = Debug|Any CPU
		{14274488-91F4-414C-9F31-6349142EFA6E}.Release|Any CPU.ActiveCfg = Release|Any CPU
		{14274488-91F4-414C-9F31-6349142EFA6E}.Release|Any CPU.Build.0 = Release|Any CPU
	EndGlobalSection
	GlobalSection(SolutionProperties) = preSolution
		HideSolutionNode = FALSE
	EndGlobalSection
	GlobalSection(ExtensibilityGlobals) = postSolution
		SolutionGuid = {9D9256B6-6123-4127-A1F2-E550D1E4B662}
	EndGlobalSection
EndGlobal
